schema: '2.0'
stages:
  data_ingestion:
    cmd: src/pipeline/stage0_data_ingestion.py
    deps:
    - path: data/raw
      hash: md5
      md5: 175fa0f786e630c200de8d1d009ea505.dir
      size: 983649
      nfiles: 3
    - path: src/pipeline/stage0_data_ingestion.py
      hash: md5
      md5: 2a2c8f71a9546750dbb520b18509d4f9
      size: 1086
    params:
      params.yaml:
        make_dataset.test_size: 0.2
    outs:
    - path: data/interim
      hash: md5
      md5: f2a9fc96ea289610deff66f3d4b6712e.dir
      size: 776271
      nfiles: 1
  build_data:
    cmd: src/pipeline/stage1_build_data.py
    deps:
    - path: ../data/interim/test/test.csv
      hash: md5
      md5: 6152a9fdcd3f3924caf11826f16d49d3
      size: 195230
    - path: ../data/interim/train/train.csv
      hash: md5
      md5: 9db997ad85556edc689cbafc156129ab
      size: 776271
    - path: src/pipeline/stage1_build_data.py
      hash: md5
      md5: 22e439359aef799e7e998fcf008ae56c
      size: 4231
      isexec: true
    params:
      params.yaml:
        data.drop_columns:
        - customerID
        - TotalCharges
    outs:
    - path: data/processed
      hash: md5
      md5: d57900a2b23b4d3c3980db55b8647dbb.dir
      size: 2489393
      nfiles: 2
